
Microsoft Visual Studio Solution File, Format Version 12.00
# Visual Studio Version 17
VisualStudioVersion = 17.10.34916.146
MinimumVisualStudioVersion = 10.0.40219.1
Project("{FAE04EC0-301F-11D3-BF4B-00C04F79EFBC}") = "MyBloknot", "MyBloknot.csproj", "{CC4CC262-FC87-48E5-8722-602546B7FEEC}"
EndProject
Global
	GlobalSection(SolutionConfigurationPlatforms) = preSolution
		Debug|Any CPU = Debug|Any CPU
		Release|Any CPU = Release|Any CPU
	EndGlobalSection
	GlobalSection(ProjectConfigurationPlatforms) = postSolution
		{CC4CC262-FC87-48E5-8722-602546B7FEEC}.Debug|Any CPU.ActiveCfg = Debug|Any CPU
		{CC4CC262-FC87-48E5-8722-602546B7FEEC}.Debug|Any CPU.Build.0 = Debug|Any CPU
		{CC4CC262-FC87-48E5-8722-602546B7FEEC}.Release|Any CPU.ActiveCfg = Release|Any CPU
		{CC4CC262-FC87-48E5-8722-602546B7FEEC}.Release|Any CPU.Build.0 = Release|Any CPU
	EndGlobalSection
	GlobalSection(SolutionProperties) = preSolution
		HideSolutionNode = FALSE
	EndGlobalSection
	GlobalSection(ExtensibilityGlobals) = postSolution
		SolutionGuid = {415A1A5E-D3AF-4B66-94E2-898794978BC6}
	EndGlobalSection
EndGlobal
